{
    "_readme": [
        "This file locks the dependencies of your project to a known state",
        "Read more about it at https://getcomposer.org/doc/01-basic-usage.md#installing-dependencies",
        "This file is @generated automatically"
    ],
    "content-hash": "99cb6359a8c71be53849e00d930d83fe",
    "packages": [
        {
            "name": "antimonial/framework",
            "version": "v0.10.0",
            "source": {
                "type": "git",
                "url": "https://github.com/antimonial/framework.git",
                "reference": "a9ebc405433a8e6a267c74e8aaa15b4836315f77"
            },
            "dist": {
                "type": "zip",
                "url": "https://api.github.com/repos/antimonial/framework/zipball/a9ebc405433a8e6a267c74e8aaa15b4836315f77",
                "reference": "a9ebc405433a8e6a267c74e8aaa15b4836315f77",
                "shasum": ""
            },
            "require": {
                "php": ">=8.1"
            },
            "require-dev": {
                "laravel/pint": "^1.18",
                "phpstan/phpstan": "^2.0",
                "phpunit/phpunit": "^10.5 || ^11.0"
            },
            "type": "framework",
            "autoload": {
                "files": [
                    "src/Core/Helpers.php"
                ],
                "psr-4": {
                    "Antimonial\\": "src/"
                }
            },
            "notification-url": "https://packagist.org/downloads/",
            "license": [
                "MIT"
            ],
            "authors": [
                {
                    "name": "antimonial"
                }
            ],
            "description": "A PHP MVC framework where what you read is what runs.",
            "homepage": "https://github.com/antimonial/framework",
            "keywords": [
                "framework",
                "minimal",
                "mvc",
                "php",
                "query-builder"
            ],
            "support": {
                "issues": "https://github.com/antimonial/framework/issues",
                "source": "https://github.com/antimonial/framework"
            },
            "time": "2026-07-17T19:22:53+00:00"
        }
    ],
    "packages-dev": [],
    "aliases": [],
    "minimum-stability": "stable",
    "stability-flags": {},
    "prefer-stable": false,
    "prefer-lowest": false,
    "platform": {
        "php": "^8.1"
    },
    "platform-dev": {},
    "plugin-api-version": "2.9.0"
}
